
Microsoft Visual Studio Solution File, Format Version 12.00
# Visual Studio 15
VisualStudioVersion = 15.0.28307.489
MinimumVisualStudioVersion = 10.0.40219.1
Project("{FAE04EC0-301F-11D3-BF4B-00C04F79EFBC}") = "Arrays - Exercise", "Arrays - Exercise\Arrays - Exercise.csproj", "{B296686B-53C7-4A0C-9A69-4B3AA2328FFF}"
EndProject
Global
	GlobalSection(SolutionConfigurationPlatforms) = preSolution
		Debug|Any CPU = Debug|Any CPU
		Release|Any CPU = Release|Any CPU
	EndGlobalSection
	GlobalSection(ProjectConfigurationPlatforms) = postSolution
		{B296686B-53C7-4A0C-9A69-4B3AA2328FFF}.Debug|Any CPU.ActiveCfg = Debug|Any CPU
		{B296686B-53C7-4A0C-9A69-4B3AA2328FFF}.Debug|Any CPU.Build.0 = Debug|Any CPU
		{B296686B-53C7-4A0C-9A69-4B3AA2328FFF}.Release|Any CPU.ActiveCfg = Release|Any CPU
		{B296686B-53C7-4A0C-9A69-4B3AA2328FFF}.Release|Any CPU.Build.0 = Release|Any CPU
	EndGlobalSection
	GlobalSection(SolutionProperties) = preSolution
		HideSolutionNode = FALSE
	EndGlobalSection
	GlobalSection(ExtensibilityGlobals) = postSolution
		SolutionGuid = {202410F0-F11F-4900-8EBF-D38D70E0D23E}
	EndGlobalSection
EndGlobal
