
Microsoft Visual Studio Solution File, Format Version 12.00
# Visual Studio 15
VisualStudioVersion = 15.0.28307.489
MinimumVisualStudioVersion = 10.0.40219.1
Project("{9A19103F-16F7-4668-BE54-9A1E7A4F7556}") = "01.Arrays", "01.Arrays\01.Arrays.csproj", "{4E5CE3E9-111C-4423-A648-EC334666BD2A}"
EndProject
Project("{9A19103F-16F7-4668-BE54-9A1E7A4F7556}") = "02.ReverseArrayStrings", "02.doubleArrays\02.ReverseArrayStrings.csproj", "{79A674ED-60CE-43E4-B538-5482A50484E5}"
EndProject
Project("{9A19103F-16F7-4668-BE54-9A1E7A4F7556}") = "03.doubleArrys", "03.doubleArrys\03.doubleArrys.csproj", "{BBC9193B-51B3-444B-AE18-BF7E38B9F8ED}"
EndProject
Project("{9A19103F-16F7-4668-BE54-9A1E7A4F7556}") = "04,foreachVSfor", "test\04,foreachVSfor.csproj", "{ECF6E20C-F6F7-47C7-8DBF-D8DC008ABE26}"
EndProject
Project("{FAE04EC0-301F-11D3-BF4B-00C04F79EFBC}") = "05. dayOfWeek", "05. dayOfWeek\05. dayOfWeek.csproj", "{1B013B7F-29AD-489E-97B9-6923EDA5B8FF}"
EndProject
Global
	GlobalSection(SolutionConfigurationPlatforms) = preSolution
		Debug|Any CPU = Debug|Any CPU
		Release|Any CPU = Release|Any CPU
	EndGlobalSection
	GlobalSection(ProjectConfigurationPlatforms) = postSolution
		{4E5CE3E9-111C-4423-A648-EC334666BD2A}.Debug|Any CPU.ActiveCfg = Debug|Any CPU
		{4E5CE3E9-111C-4423-A648-EC334666BD2A}.Debug|Any CPU.Build.0 = Debug|Any CPU
		{4E5CE3E9-111C-4423-A648-EC334666BD2A}.Release|Any CPU.ActiveCfg = Release|Any CPU
		{4E5CE3E9-111C-4423-A648-EC334666BD2A}.Release|Any CPU.Build.0 = Release|Any CPU
		{79A674ED-60CE-43E4-B538-5482A50484E5}.Debug|Any CPU.ActiveCfg = Debug|Any CPU
		{79A674ED-60CE-43E4-B538-5482A50484E5}.Debug|Any CPU.Build.0 = Debug|Any CPU
		{79A674ED-60CE-43E4-B538-5482A50484E5}.Release|Any CPU.ActiveCfg = Release|Any CPU
		{79A674ED-60CE-43E4-B538-5482A50484E5}.Release|Any CPU.Build.0 = Release|Any CPU
		{BBC9193B-51B3-444B-AE18-BF7E38B9F8ED}.Debug|Any CPU.ActiveCfg = Debug|Any CPU
		{BBC9193B-51B3-444B-AE18-BF7E38B9F8ED}.Debug|Any CPU.Build.0 = Debug|Any CPU
		{BBC9193B-51B3-444B-AE18-BF7E38B9F8ED}.Release|Any CPU.ActiveCfg = Release|Any CPU
		{BBC9193B-51B3-444B-AE18-BF7E38B9F8ED}.Release|Any CPU.Build.0 = Release|Any CPU
		{ECF6E20C-F6F7-47C7-8DBF-D8DC008ABE26}.Debug|Any CPU.ActiveCfg = Debug|Any CPU
		{ECF6E20C-F6F7-47C7-8DBF-D8DC008ABE26}.Debug|Any CPU.Build.0 = Debug|Any CPU
		{ECF6E20C-F6F7-47C7-8DBF-D8DC008ABE26}.Release|Any CPU.ActiveCfg = Release|Any CPU
		{ECF6E20C-F6F7-47C7-8DBF-D8DC008ABE26}.Release|Any CPU.Build.0 = Release|Any CPU
		{1B013B7F-29AD-489E-97B9-6923EDA5B8FF}.Debug|Any CPU.ActiveCfg = Debug|Any CPU
		{1B013B7F-29AD-489E-97B9-6923EDA5B8FF}.Debug|Any CPU.Build.0 = Debug|Any CPU
		{1B013B7F-29AD-489E-97B9-6923EDA5B8FF}.Release|Any CPU.ActiveCfg = Release|Any CPU
		{1B013B7F-29AD-489E-97B9-6923EDA5B8FF}.Release|Any CPU.Build.0 = Release|Any CPU
	EndGlobalSection
	GlobalSection(SolutionProperties) = preSolution
		HideSolutionNode = FALSE
	EndGlobalSection
	GlobalSection(ExtensibilityGlobals) = postSolution
		SolutionGuid = {ACB4804E-F5CD-48CD-BACE-68B4E82C922F}
	EndGlobalSection
EndGlobal
